# This file is autogenerated, do not edit; changes may be undone by the next 'dep ensure'.


[[projects]]
  digest = "1:a571648c5f1a3f20fa405d1cf924b941c5bb236ea6d0565a63c0994e38dd8f82"
  name = "github.com/caarlos0/env"
  packages = ["."]
  pruneopts = "UT"
  revision = "518fcfb943252f77846f92ce5794086d9cb4a1b5"
  version = "v3.5.0"

[[projects]]
  digest = "1:ffe9824d294da03b391f44e1ae8281281b4afc1bdaa9588c9097785e3af10cec"
  name = "github.com/davecgh/go-spew"
  packages = ["spew"]
  pruneopts = "UT"
  revision = "8991bc29aa16c548c550c7ff78260e27b9ab7c73"
  version = "v1.1.1"

[[projects]]
  digest = "1:72139cbee5a41ff8a322681be104aa8d7e7c92a5f3ad5501ea3505042b050b57"
  name = "github.com/gobuffalo/envy"
  packages = ["."]
  pruneopts = "UT"
  revision = "e0b181c424e7ca1a36f6f2db4bdfd25ef3421e77"
  version = "v1.6.7"

[[projects]]
  branch = "master"
  digest = "1:3ec942ddf5780668c009eabde484131095069e98b1e52356a77494361b33e6d4"
  name = "github.com/gobuffalo/packd"
  packages = ["."]
  pruneopts = "UT"
  revision = "cf76bd87a5a65a96a4b3fcda4c99c424f610acfd"

[[projects]]
  digest = "1:06fbeddb7c7a7be8ea88118f0d7af464662baea9d25925a634d219f5a3b2cedc"
  name = "github.com/gobuffalo/packr"
  packages = ["."]
  pruneopts = "UT"
  revision = "5d42ec8280efa7b835735d78b9475b9017394437"
  version = "v1.16.0"

[[projects]]
  digest = "1:ecd9aa82687cf31d1585d4ac61d0ba180e42e8a6182b85bd785fcca8dfeefc1b"
  name = "github.com/joho/godotenv"
  packages = ["."]
  pruneopts = "UT"
  revision = "23d116af351c84513e1946b527c88823e476be13"
  version = "v1.3.0"

[[projects]]
  branch = "master"
  digest = "1:598aa4555d1ea05a7b949e31e7db0e7b2df21f8772c53cc42f6543dc6bf9a35a"
  name = "github.com/markbates/oncer"
  packages = ["."]
  pruneopts = "UT"
  revision = "05fccaae8fc423476d98fd4c3e4699ba0fbbde48"

[[projects]]
  digest = "1:0b8b37af4cb815909beae88e0c0c2f6e439c481ac65e8067ff0d01231bc16ca6"
  name = "github.com/mimir-news/id"
  packages = ["."]
  pruneopts = "UT"
  revision = "b28c9fadf09f101570617727b5de413e0a62afd1"
  version = "1.0"

[[projects]]
  digest = "1:e6e8d9a2fe18a4789772f56efca0559d0bac172606258a3f294684728e10295b"
  name = "github.com/mimir-news/pkg"
  packages = [
    ".",
    "dbutil",
    "id",
    "mq",
    "mq/mqtest",
    "schema/news",
  ]
  pruneopts = "UT"
  revision = "2e936e7243bdd9d1d687c556da6ca52186475427"
  version = "0.1"

[[projects]]
  digest = "1:40e195917a951a8bf867cd05de2a46aaf1806c50cf92eebf4c16f78cd196f747"
  name = "github.com/pkg/errors"
  packages = ["."]
  pruneopts = "UT"
  revision = "645ef00459ed84a119197bfb8d8205042c6df63d"
  version = "v0.8.0"

[[projects]]
  digest = "1:0028cb19b2e4c3112225cd871870f2d9cf49b9b4276531f03438a88e94be86fe"
  name = "github.com/pmezard/go-difflib"
  packages = ["difflib"]
  pruneopts = "UT"
  revision = "792786c7400a136282c1664665ae0a8db921c6c2"
  version = "v1.0.0"

[[projects]]
  branch = "master"
  digest = "1:cd638908d04442c8b6afd5d0221c21556e76c5e7130448ca97d249b47d66dd41"
  name = "github.com/rubenv/sql-migrate"
  packages = [
    ".",
    "sqlparse",
  ]
  pruneopts = "UT"
  revision = "3f452fc0ebebbb784fdab91f7bc79a31dcacab5c"

[[projects]]
  digest = "1:274f67cb6fed9588ea2521ecdac05a6d62a8c51c074c1fccc6a49a40ba80e925"
  name = "github.com/satori/go.uuid"
  packages = ["."]
  pruneopts = "UT"
  revision = "f58768cc1a7a7e77a3bd49e98cdd21419399b6a3"
  version = "v1.2.0"

[[projects]]
  branch = "master"
  digest = "1:0c088044c1c1ee83e723692442df4fec9b3f2e57f7a99773485c97adfbc31695"
  name = "github.com/streadway/amqp"
  packages = ["."]
  pruneopts = "UT"
  revision = "70e15c650864f4fc47f5d3c82ea117285480895d"

[[projects]]
  digest = "1:18752d0b95816a1b777505a97f71c7467a8445b8ffb55631a7bf779f6ba4fa83"
  name = "github.com/stretchr/testify"
  packages = ["assert"]
  pruneopts = "UT"
  revision = "f35b8ab0b5a2cef36673838d662e249dd9c94686"
  version = "v1.2.2"

[[projects]]
  digest = "1:fa9a7c0ef59217bd22f32eb7cc027894d73f340a5633258cc079dec025db6a7f"
  name = "gopkg.in/gorp.v1"
  packages = ["."]
  pruneopts = "UT"
  revision = "c87af80f3cc5036b55b83d77171e156791085e2e"
  version = "v1.7.1"

[solve-meta]
  analyzer-name = "dep"
  analyzer-version = 1
  input-imports = [
    "github.com/caarlos0/env",
    "github.com/mimir-news/id",
    "github.com/mimir-news/pkg",
    "github.com/mimir-news/pkg/dbutil",
    "github.com/mimir-news/pkg/id",
    "github.com/mimir-news/pkg/mq",
    "github.com/mimir-news/pkg/mq/mqtest",
    "github.com/mimir-news/pkg/schema/news",
    "github.com/stretchr/testify/assert",
  ]
  solver-name = "gps-cdcl"
  solver-version = 1
